{
    "_readme": [
        "This file locks the dependencies of your project to a known state",
        "Read more about it at https://getcomposer.org/doc/01-basic-usage.md#installing-dependencies",
        "This file is @generated automatically"
    ],
    "content-hash": "414c7d02cb882863793f7dbf0f46f1cf",
    "packages": [
        {
            "name": "marko/blog",
            "version": "1.0.0",
            "dist": {
                "type": "path",
                "url": "../packages/blog",
                "reference": "eee1fdf9b98262624edf12c9e56468fc8209173b"
            },
            "require": {
                "marko/core": "@dev",
                "marko/routing": "@dev",
                "php": "^8.5"
            },
            "require-dev": {
                "pestphp/pest": "^4.0"
            },
            "type": "library",
            "autoload": {
                "psr-4": {
                    "Marko\\Blog\\": "src/"
                }
            },
            "autoload-dev": {
                "psr-4": {
                    "Marko\\Blog\\Tests\\": "tests/"
                }
            },
            "license": [
                "MIT"
            ],
            "description": "Blog module for Marko Framework",
            "transport-options": {
                "relative": true
            }
        },
        {
            "name": "marko/core",
            "version": "dev-develop",
            "dist": {
                "type": "path",
                "url": "../packages/core",
                "reference": "484dfd511078fbbdbd725943e83fe4eb08e58fec"
            },
            "require": {
                "php": "^8.5",
                "psr/container": "^2.0"
            },
            "require-dev": {
                "pestphp/pest": "^4.0"
            },
            "type": "library",
            "autoload": {
                "psr-4": {
                    "Marko\\Core\\": "src/"
                }
            },
            "autoload-dev": {
                "psr-4": {
                    "Marko\\Core\\Tests\\": "tests/"
                }
            },
            "license": [
                "MIT"
            ],
            "description": "Marko Framework Core",
            "transport-options": {
                "relative": true
            }
        },
        {
            "name": "marko/routing",
            "version": "dev-develop",
            "dist": {
                "type": "path",
                "url": "../packages/routing",
                "reference": "d1afac053d77d201a039beae2cba43b70c8f6235"
            },
            "require": {
                "marko/core": "@dev",
                "php": "^8.5"
            },
            "require-dev": {
                "pestphp/pest": "^4.0"
            },
            "type": "library",
            "autoload": {
                "psr-4": {
                    "Marko\\Routing\\": "src/"
                }
            },
            "autoload-dev": {
                "psr-4": {
                    "Marko\\Routing\\Tests\\": "tests/"
                }
            },
            "license": [
                "MIT"
            ],
            "description": "Marko Framework Routing",
            "transport-options": {
                "relative": true
            }
        },
        {
            "name": "psr/container",
            "version": "2.0.2",
            "source": {
                "type": "git",
                "url": "https://github.com/php-fig/container.git",
                "reference": "c71ecc56dfe541dbd90c5360474fbc405f8d5963"
            },
            "dist": {
                "type": "zip",
                "url": "https://api.github.com/repos/php-fig/container/zipball/c71ecc56dfe541dbd90c5360474fbc405f8d5963",
                "reference": "c71ecc56dfe541dbd90c5360474fbc405f8d5963",
                "shasum": ""
            },
            "require": {
                "php": ">=7.4.0"
            },
            "type": "library",
            "extra": {
                "branch-alias": {
                    "dev-master": "2.0.x-dev"
                }
            },
            "autoload": {
                "psr-4": {
                    "Psr\\Container\\": "src/"
                }
            },
            "notification-url": "https://packagist.org/downloads/",
            "license": [
                "MIT"
            ],
            "authors": [
                {
                    "name": "PHP-FIG",
                    "homepage": "https://www.php-fig.org/"
                }
            ],
            "description": "Common Container Interface (PHP FIG PSR-11)",
            "homepage": "https://github.com/php-fig/container",
            "keywords": [
                "PSR-11",
                "container",
                "container-interface",
                "container-interop",
                "psr"
            ],
            "support": {
                "issues": "https://github.com/php-fig/container/issues",
                "source": "https://github.com/php-fig/container/tree/2.0.2"
            },
            "time": "2021-11-05T16:47:00+00:00"
        }
    ],
    "packages-dev": [],
    "aliases": [],
    "minimum-stability": "dev",
    "stability-flags": {},
    "prefer-stable": true,
    "prefer-lowest": false,
    "platform": {
        "php": "^8.5"
    },
    "platform-dev": {},
    "plugin-api-version": "2.9.0"
}
